
Microsoft Visual Studio Solution File, Format Version 12.00
# Visual Studio Version 16
VisualStudioVersion = 16.0.32510.428
MinimumVisualStudioVersion = 10.0.40219.1
Project("{FAE04EC0-301F-11D3-BF4B-00C04F79EFBC}") = "KeyIdeas_Assignment", "KeyIdeas_Assignment\KeyIdeas_Assignment.csproj", "{468FF467-13A0-4052-8F81-380B5948F9B8}"
EndProject
Global
	GlobalSection(SolutionConfigurationPlatforms) = preSolution
		Debug|Any CPU = Debug|Any CPU
		Release|Any CPU = Release|Any CPU
	EndGlobalSection
	GlobalSection(ProjectConfigurationPlatforms) = postSolution
		{468FF467-13A0-4052-8F81-380B5948F9B8}.Debug|Any CPU.ActiveCfg = Debug|Any CPU
		{468FF467-13A0-4052-8F81-380B5948F9B8}.Debug|Any CPU.Build.0 = Debug|Any CPU
		{468FF467-13A0-4052-8F81-380B5948F9B8}.Release|Any CPU.ActiveCfg = Release|Any CPU
		{468FF467-13A0-4052-8F81-380B5948F9B8}.Release|Any CPU.Build.0 = Release|Any CPU
	EndGlobalSection
	GlobalSection(SolutionProperties) = preSolution
		HideSolutionNode = FALSE
	EndGlobalSection
	GlobalSection(ExtensibilityGlobals) = postSolution
		SolutionGuid = {9AF5EAF2-F2B5-43A7-A80E-0E49F49F4C6A}
	EndGlobalSection
EndGlobal
